Microsoft Visual Studio Solution File, Format Version 12.00
# Visual Studio Version 17
VisualStudioVersion = 17.5.2.0
MinimumVisualStudioVersion = 10.0.40219.1
Project("{FAE04EC0-301F-11D3-BF4B-00C04F79EFBC}") = "AsignacionDeAsientos", "AsignacionDeAsientos\AsignacionDeAsientos.csproj", "{D7BE5365-46CB-0483-9819-C912EFAC88F7}"
EndProject
Global
	GlobalSection(SolutionConfigurationPlatforms) = preSolution
		Debug|Any CPU = Debug|Any CPU
		Release|Any CPU = Release|Any CPU
	EndGlobalSection
	GlobalSection(ProjectConfigurationPlatforms) = postSolution
		{D7BE5365-46CB-0483-9819-C912EFAC88F7}.Debug|Any CPU.ActiveCfg = Debug|Any CPU
		{D7BE5365-46CB-0483-9819-C912EFAC88F7}.Debug|Any CPU.Build.0 = Debug|Any CPU
		{D7BE5365-46CB-0483-9819-C912EFAC88F7}.Release|Any CPU.ActiveCfg = Release|Any CPU
		{D7BE5365-46CB-0483-9819-C912EFAC88F7}.Release|Any CPU.Build.0 = Release|Any CPU
	EndGlobalSection
	GlobalSection(SolutionProperties) = preSolution
		HideSolutionNode = FALSE
	EndGlobalSection
	GlobalSection(ExtensibilityGlobals) = postSolution
		SolutionGuid = {32F78891-7556-404B-8BFF-2DE8384F2A89}
	EndGlobalSection
EndGlobal
