Microsoft Visual Studio Solution File, Format Version 12.00
# Visual Studio Version 17
VisualStudioVersion = 17.5.2.0
MinimumVisualStudioVersion = 10.0.40219.1
Project("{FAE04EC0-301F-11D3-BF4B-00C04F79EFBC}") = "Semana4", "Semana4\Semana4.csproj", "{1748A8BC-920D-E800-6469-6AC74E03A3F1}"
EndProject
Global
	GlobalSection(SolutionConfigurationPlatforms) = preSolution
		Debug|Any CPU = Debug|Any CPU
		Release|Any CPU = Release|Any CPU
	EndGlobalSection
	GlobalSection(ProjectConfigurationPlatforms) = postSolution
		{1748A8BC-920D-E800-6469-6AC74E03A3F1}.Debug|Any CPU.ActiveCfg = Debug|Any CPU
		{1748A8BC-920D-E800-6469-6AC74E03A3F1}.Debug|Any CPU.Build.0 = Debug|Any CPU
		{1748A8BC-920D-E800-6469-6AC74E03A3F1}.Release|Any CPU.ActiveCfg = Release|Any CPU
		{1748A8BC-920D-E800-6469-6AC74E03A3F1}.Release|Any CPU.Build.0 = Release|Any CPU
	EndGlobalSection
	GlobalSection(SolutionProperties) = preSolution
		HideSolutionNode = FALSE
	EndGlobalSection
	GlobalSection(ExtensibilityGlobals) = postSolution
		SolutionGuid = {5A604B27-4735-403D-B486-9262B2ADB19E}
	EndGlobalSection
EndGlobal
